
Microsoft Visual Studio Solution File, Format Version 12.00
# Visual Studio Version 16
VisualStudioVersion = 16.0.31702.278
MinimumVisualStudioVersion = 10.0.40219.1
Project("{FAE04EC0-301F-11D3-BF4B-00C04F79EFBC}") = "DIO.Series", "DIO.Series\DIO.Series.csproj", "{9EDB6D74-A34B-4969-B95A-D4D325F74A25}"
EndProject
Global
	GlobalSection(SolutionConfigurationPlatforms) = preSolution
		Debug|Any CPU = Debug|Any CPU
		Release|Any CPU = Release|Any CPU
	EndGlobalSection
	GlobalSection(ProjectConfigurationPlatforms) = postSolution
		{9EDB6D74-A34B-4969-B95A-D4D325F74A25}.Debug|Any CPU.ActiveCfg = Debug|Any CPU
		{9EDB6D74-A34B-4969-B95A-D4D325F74A25}.Debug|Any CPU.Build.0 = Debug|Any CPU
		{9EDB6D74-A34B-4969-B95A-D4D325F74A25}.Release|Any CPU.ActiveCfg = Release|Any CPU
		{9EDB6D74-A34B-4969-B95A-D4D325F74A25}.Release|Any CPU.Build.0 = Release|Any CPU
	EndGlobalSection
	GlobalSection(SolutionProperties) = preSolution
		HideSolutionNode = FALSE
	EndGlobalSection
	GlobalSection(ExtensibilityGlobals) = postSolution
		SolutionGuid = {128694AE-617A-4848-899B-A9D9810E3AF8}
	EndGlobalSection
EndGlobal
